
Microsoft Visual Studio Solution File, Format Version 12.00
# Visual Studio Version 17
VisualStudioVersion = 17.8.34511.84
MinimumVisualStudioVersion = 10.0.40219.1
Project("{8BC9CEB8-8B4A-11D0-8D11-00A0C91BC942}") = "windowGame", "windowGame\windowGame.vcxproj", "{2AA77C17-31BF-4ED7-81B3-F755F99B5A1A}"
EndProject
Global
	GlobalSection(SolutionConfigurationPlatforms) = preSolution
		Debug|x64 = Debug|x64
		Debug|x86 = Debug|x86
		Release|x64 = Release|x64
		Release|x86 = Release|x86
	EndGlobalSection
	GlobalSection(ProjectConfigurationPlatforms) = postSolution
		{2AA77C17-31BF-4ED7-81B3-F755F99B5A1A}.Debug|x64.ActiveCfg = Debug|x64
		{2AA77C17-31BF-4ED7-81B3-F755F99B5A1A}.Debug|x64.Build.0 = Debug|x64
		{2AA77C17-31BF-4ED7-81B3-F755F99B5A1A}.Debug|x86.ActiveCfg = Debug|Win32
		{2AA77C17-31BF-4ED7-81B3-F755F99B5A1A}.Debug|x86.Build.0 = Debug|Win32
		{2AA77C17-31BF-4ED7-81B3-F755F99B5A1A}.Release|x64.ActiveCfg = Release|x64
		{2AA77C17-31BF-4ED7-81B3-F755F99B5A1A}.Release|x64.Build.0 = Release|x64
		{2AA77C17-31BF-4ED7-81B3-F755F99B5A1A}.Release|x86.ActiveCfg = Release|Win32
		{2AA77C17-31BF-4ED7-81B3-F755F99B5A1A}.Release|x86.Build.0 = Release|Win32
	EndGlobalSection
	GlobalSection(SolutionProperties) = preSolution
		HideSolutionNode = FALSE
	EndGlobalSection
	GlobalSection(ExtensibilityGlobals) = postSolution
		SolutionGuid = {612669FD-FB18-4914-9597-226CC509C4C1}
	EndGlobalSection
EndGlobal
